
Microsoft Visual Studio Solution File, Format Version 12.00
# Visual Studio 15
VisualStudioVersion = 15.0.26124.0
MinimumVisualStudioVersion = 15.0.26124.0
Project("{9A19103F-16F7-4668-BE54-9A1E7A4F7556}") = "R5T.Delphi.Construction", "R5T.Delphi.Construction\R5T.Delphi.Construction.csproj", "{2002D2CB-A781-4263-A356-E58ABA3F70D7}"
EndProject
Project("{9A19103F-16F7-4668-BE54-9A1E7A4F7556}") = "R5T.Delphi", "R5T.Delphi\R5T.Delphi.csproj", "{30A720F1-3843-400C-A9F8-CD61A017D04B}"
EndProject
Project("{9A19103F-16F7-4668-BE54-9A1E7A4F7556}") = "R5T.Delphi.Testing", "R5T.Delphi.Testing\R5T.Delphi.Testing.csproj", "{75FB97A7-49E2-4D32-9145-38294A0DE81A}"
EndProject
Project("{2150E333-8FDC-42A3-9474-1A3956D46DE8}") = "_Dependencies", "_Dependencies", "{9D0EA313-8054-4378-9AD8-EB754394A224}"
EndProject
Project("{9A19103F-16F7-4668-BE54-9A1E7A4F7556}") = "R5T.Anactorium", "..\..\R5T.Anactorium\source\R5T.Anactorium\R5T.Anactorium.csproj", "{9ADE26F6-D6D9-4C4E-820C-2F22394BAFD6}"
EndProject
Project("{9A19103F-16F7-4668-BE54-9A1E7A4F7556}") = "R5T.Sardinia", "..\..\R5T.Sardinia\source\R5T.Sardinia\R5T.Sardinia.csproj", "{64E57371-33F0-46D3-8A4D-584C6B26BFCF}"
EndProject
Project("{9A19103F-16F7-4668-BE54-9A1E7A4F7556}") = "R5T.Scotia", "..\..\R5T.Scotia\source\R5T.Scotia\R5T.Scotia.csproj", "{75D6B11B-AD0D-408E-9B4A-F860929FA411}"
EndProject
Project("{9A19103F-16F7-4668-BE54-9A1E7A4F7556}") = "R5T.Chamavia", "..\..\R5T.Chamavia\source\R5T.Chamavia\R5T.Chamavia.csproj", "{899C76A6-1FA1-4890-9F20-E7B48869D6C3}"
EndProject
Project("{9A19103F-16F7-4668-BE54-9A1E7A4F7556}") = "R5T.Knossos", "..\..\R5T.Knossos\source\R5T.Knossos\R5T.Knossos.csproj", "{1757F176-5510-419A-92BD-AA429FEA5E61}"
EndProject
Project("{9A19103F-16F7-4668-BE54-9A1E7A4F7556}") = "R5T.Stagira", "..\..\R5T.Stagira\source\R5T.Stagira\R5T.Stagira.csproj", "{C042A6DC-7188-4596-A919-374C31598A61}"
EndProject
Project("{9A19103F-16F7-4668-BE54-9A1E7A4F7556}") = "R5T.Thermopylae", "..\..\R5T.Thermopylae\source\R5T.Thermopylae\R5T.Thermopylae.csproj", "{4032639E-DB54-4AE1-AA7D-2DCD15BCA1B9}"
EndProject
Project("{9A19103F-16F7-4668-BE54-9A1E7A4F7556}") = "R5T.Dacia", "..\..\R5T.Dacia\source\R5T.Dacia\R5T.Dacia.csproj", "{949249E7-AAB8-4E7A-BB6F-F5F10FAF3865}"
EndProject
Project("{9A19103F-16F7-4668-BE54-9A1E7A4F7556}") = "R5T.Alamania.Bulgaria", "..\..\R5T.Alamania.Bulgaria\source\R5T.Alamania.Bulgaria\R5T.Alamania.Bulgaria.csproj", "{6813B352-332F-4CF7-96AC-65A437F79C0A}"
EndProject
Project("{9A19103F-16F7-4668-BE54-9A1E7A4F7556}") = "R5T.Alamania.Base", "..\..\R5T.Alamania.Base\source\R5T.Alamania.Base\R5T.Alamania.Base.csproj", "{2731EFB0-7C0C-4ED2-A775-9D196732BE60}"
EndProject
Project("{9A19103F-16F7-4668-BE54-9A1E7A4F7556}") = "R5T.Bulgaria.Base", "..\..\R5T.Bulgaria.Base\source\R5T.Bulgaria.Base\R5T.Bulgaria.Base.csproj", "{EFE996A4-CEE6-4FE8-90C0-784B6981AEB1}"
EndProject
Project("{9A19103F-16F7-4668-BE54-9A1E7A4F7556}") = "R5T.Costobocia.Base", "..\..\R5T.Costobocia.Base\source\R5T.Costobocia.Base\R5T.Costobocia.Base.csproj", "{5CDE3CBA-6425-4CE1-A3C3-79179EA0BA18}"
EndProject
Project("{9A19103F-16F7-4668-BE54-9A1E7A4F7556}") = "R5T.Ostrogothia", "..\..\R5T.Ostrogothia\source\R5T.Ostrogothia\R5T.Ostrogothia.csproj", "{D564B5AA-3231-4D32-9019-D7800F708642}"
EndProject
Project("{9A19103F-16F7-4668-BE54-9A1E7A4F7556}") = "R5T.Ostrogothia.Rivet", "..\..\R5T.Ostrogothia.Rivet\source\R5T.Ostrogothia.Rivet\R5T.Ostrogothia.Rivet.csproj", "{40944685-9883-4816-9578-CBED27199A7E}"
EndProject
Project("{9A19103F-16F7-4668-BE54-9A1E7A4F7556}") = "R5T.Bulgaria.Default.Local", "..\..\R5T.Bulgaria.Default.Local\source\R5T.Bulgaria.Default.Local\R5T.Bulgaria.Default.Local.csproj", "{98C80096-1F38-4146-88E0-B09824CF4205}"
EndProject
Project("{9A19103F-16F7-4668-BE54-9A1E7A4F7556}") = "R5T.Lombardy.Base", "..\..\R5T.Lombardy.Base\source\R5T.Lombardy.Base\R5T.Lombardy.Base.csproj", "{960EF552-DC01-4CAE-BEC7-BFF86C91DC41}"
EndProject
Project("{9A19103F-16F7-4668-BE54-9A1E7A4F7556}") = "R5T.Visigothia.Base", "..\..\R5T.Visigothia.Base\source\R5T.Visigothia.Base\R5T.Visigothia.Base.csproj", "{A8F926C4-F5D7-42F8-A3F4-7E539434C264}"
EndProject
Project("{9A19103F-16F7-4668-BE54-9A1E7A4F7556}") = "R5T.Costobocia.Default", "..\..\R5T.Costobocia.Default\source\R5T.Costobocia.Default\R5T.Costobocia.Default.csproj", "{A0BEDE9A-657B-4212-868A-DB2963673ABB}"
EndProject
Project("{9A19103F-16F7-4668-BE54-9A1E7A4F7556}") = "R5T.Lombardy", "..\..\R5T.Lombardy\source\R5T.Lombardy\R5T.Lombardy.csproj", "{B613B112-8240-46B9-A342-9232F15560CE}"
EndProject
Project("{9A19103F-16F7-4668-BE54-9A1E7A4F7556}") = "R5T.Cherusci", "..\..\R5T.Cherusci\source\R5T.Cherusci\R5T.Cherusci.csproj", "{1014D6EA-705C-49DF-9EFD-6F84E893929E}"
EndProject
Project("{9A19103F-16F7-4668-BE54-9A1E7A4F7556}") = "R5T.Magyar", "..\..\R5T.Magyar\source\R5T.Magyar\R5T.Magyar.csproj", "{4823E468-D7FD-461C-93F8-8C3B3E960354}"
EndProject
Project("{9A19103F-16F7-4668-BE54-9A1E7A4F7556}") = "R5T.Rugia", "..\..\R5T.Rugia\source\R5T.Rugia\R5T.Rugia.csproj", "{A3BA795A-C4CF-4A79-A4A1-FE24630B1EB1}"
EndProject
Project("{9A19103F-16F7-4668-BE54-9A1E7A4F7556}") = "R5T.Rugia.Base", "..\..\R5T.Rugia.Base\source\R5T.Rugia.Base\R5T.Rugia.Base.csproj", "{034286B4-DED5-438D-A704-337ECAB8DF2E}"
EndProject
Project("{9A19103F-16F7-4668-BE54-9A1E7A4F7556}") = "R5T.Suebia.Alamania", "..\..\R5T.Suebia.Alamania\source\R5T.Suebia.Alamania\R5T.Suebia.Alamania.csproj", "{3C35668A-6C67-4DB0-AB6E-CF8C701988D7}"
EndProject
Project("{9A19103F-16F7-4668-BE54-9A1E7A4F7556}") = "R5T.Suebia.Base", "..\..\R5T.Suebia.Base\source\R5T.Suebia.Base\R5T.Suebia.Base.csproj", "{A71C399C-CD87-4421-8182-85E9C571C1D2}"
EndProject
Project("{9A19103F-16F7-4668-BE54-9A1E7A4F7556}") = "R5T.Visigothia.Default.Local", "..\..\R5T.Visigothia.Default.Local\source\R5T.Visigothia.Default.Local\R5T.Visigothia.Default.Local.csproj", "{1A59C2A8-F480-439B-8633-E73330E68568}"
EndProject
Global
	GlobalSection(SolutionConfigurationPlatforms) = preSolution
		Debug|Any CPU = Debug|Any CPU
		Debug|x64 = Debug|x64
		Debug|x86 = Debug|x86
		Release|Any CPU = Release|Any CPU
		Release|x64 = Release|x64
		Release|x86 = Release|x86
	EndGlobalSection
	GlobalSection(ProjectConfigurationPlatforms) = postSolution
		{2002D2CB-A781-4263-A356-E58ABA3F70D7}.Debug|Any CPU.ActiveCfg = Debug|Any CPU
		{2002D2CB-A781-4263-A356-E58ABA3F70D7}.Debug|Any CPU.Build.0 = Debug|Any CPU
		{2002D2CB-A781-4263-A356-E58ABA3F70D7}.Debug|x64.ActiveCfg = Debug|Any CPU
		{2002D2CB-A781-4263-A356-E58ABA3F70D7}.Debug|x64.Build.0 = Debug|Any CPU
		{2002D2CB-A781-4263-A356-E58ABA3F70D7}.Debug|x86.ActiveCfg = Debug|Any CPU
		{2002D2CB-A781-4263-A356-E58ABA3F70D7}.Debug|x86.Build.0 = Debug|Any CPU
		{2002D2CB-A781-4263-A356-E58ABA3F70D7}.Release|Any CPU.ActiveCfg = Release|Any CPU
		{2002D2CB-A781-4263-A356-E58ABA3F70D7}.Release|Any CPU.Build.0 = Release|Any CPU
		{2002D2CB-A781-4263-A356-E58ABA3F70D7}.Release|x64.ActiveCfg = Release|Any CPU
		{2002D2CB-A781-4263-A356-E58ABA3F70D7}.Release|x64.Build.0 = Release|Any CPU
		{2002D2CB-A781-4263-A356-E58ABA3F70D7}.Release|x86.ActiveCfg = Release|Any CPU
		{2002D2CB-A781-4263-A356-E58ABA3F70D7}.Release|x86.Build.0 = Release|Any CPU
		{30A720F1-3843-400C-A9F8-CD61A017D04B}.Debug|Any CPU.ActiveCfg = Debug|Any CPU
		{30A720F1-3843-400C-A9F8-CD61A017D04B}.Debug|Any CPU.Build.0 = Debug|Any CPU
		{30A720F1-3843-400C-A9F8-CD61A017D04B}.Debug|x64.ActiveCfg = Debug|Any CPU
		{30A720F1-3843-400C-A9F8-CD61A017D04B}.Debug|x64.Build.0 = Debug|Any CPU
		{30A720F1-3843-400C-A9F8-CD61A017D04B}.Debug|x86.ActiveCfg = Debug|Any CPU
		{30A720F1-3843-400C-A9F8-CD61A017D04B}.Debug|x86.Build.0 = Debug|Any CPU
		{30A720F1-3843-400C-A9F8-CD61A017D04B}.Release|Any CPU.ActiveCfg = Release|Any CPU
		{30A720F1-3843-400C-A9F8-CD61A017D04B}.Release|Any CPU.Build.0 = Release|Any CPU
		{30A720F1-3843-400C-A9F8-CD61A017D04B}.Release|x64.ActiveCfg = Release|Any CPU
		{30A720F1-3843-400C-A9F8-CD61A017D04B}.Release|x64.Build.0 = Release|Any CPU
		{30A720F1-3843-400C-A9F8-CD61A017D04B}.Release|x86.ActiveCfg = Release|Any CPU
		{30A720F1-3843-400C-A9F8-CD61A017D04B}.Release|x86.Build.0 = Release|Any CPU
		{75FB97A7-49E2-4D32-9145-38294A0DE81A}.Debug|Any CPU.ActiveCfg = Debug|Any CPU
		{75FB97A7-49E2-4D32-9145-38294A0DE81A}.Debug|Any CPU.Build.0 = Debug|Any CPU
		{75FB97A7-49E2-4D32-9145-38294A0DE81A}.Debug|x64.ActiveCfg = Debug|Any CPU
		{75FB97A7-49E2-4D32-9145-38294A0DE81A}.Debug|x64.Build.0 = Debug|Any CPU
		{75FB97A7-49E2-4D32-9145-38294A0DE81A}.Debug|x86.ActiveCfg = Debug|Any CPU
		{75FB97A7-49E2-4D32-9145-38294A0DE81A}.Debug|x86.Build.0 = Debug|Any CPU
		{75FB97A7-49E2-4D32-9145-38294A0DE81A}.Release|Any CPU.ActiveCfg = Release|Any CPU
		{75FB97A7-49E2-4D32-9145-38294A0DE81A}.Release|Any CPU.Build.0 = Release|Any CPU
		{75FB97A7-49E2-4D32-9145-38294A0DE81A}.Release|x64.ActiveCfg = Release|Any CPU
		{75FB97A7-49E2-4D32-9145-38294A0DE81A}.Release|x64.Build.0 = Release|Any CPU
		{75FB97A7-49E2-4D32-9145-38294A0DE81A}.Release|x86.ActiveCfg = Release|Any CPU
		{75FB97A7-49E2-4D32-9145-38294A0DE81A}.Release|x86.Build.0 = Release|Any CPU
		{9ADE26F6-D6D9-4C4E-820C-2F22394BAFD6}.Debug|Any CPU.ActiveCfg = Debug|Any CPU
		{9ADE26F6-D6D9-4C4E-820C-2F22394BAFD6}.Debug|Any CPU.Build.0 = Debug|Any CPU
		{9ADE26F6-D6D9-4C4E-820C-2F22394BAFD6}.Debug|x64.ActiveCfg = Debug|Any CPU
		{9ADE26F6-D6D9-4C4E-820C-2F22394BAFD6}.Debug|x64.Build.0 = Debug|Any CPU
		{9ADE26F6-D6D9-4C4E-820C-2F22394BAFD6}.Debug|x86.ActiveCfg = Debug|Any CPU
		{9ADE26F6-D6D9-4C4E-820C-2F22394BAFD6}.Debug|x86.Build.0 = Debug|Any CPU
		{9ADE26F6-D6D9-4C4E-820C-2F22394BAFD6}.Release|Any CPU.ActiveCfg = Release|Any CPU
		{9ADE26F6-D6D9-4C4E-820C-2F22394BAFD6}.Release|Any CPU.Build.0 = Release|Any CPU
		{9ADE26F6-D6D9-4C4E-820C-2F22394BAFD6}.Release|x64.ActiveCfg = Release|Any CPU
		{9ADE26F6-D6D9-4C4E-820C-2F22394BAFD6}.Release|x64.Build.0 = Release|Any CPU
		{9ADE26F6-D6D9-4C4E-820C-2F22394BAFD6}.Release|x86.ActiveCfg = Release|Any CPU
		{9ADE26F6-D6D9-4C4E-820C-2F22394BAFD6}.Release|x86.Build.0 = Release|Any CPU
		{64E57371-33F0-46D3-8A4D-584C6B26BFCF}.Debug|Any CPU.ActiveCfg = Debug|Any CPU
		{64E57371-33F0-46D3-8A4D-584C6B26BFCF}.Debug|Any CPU.Build.0 = Debug|Any CPU
		{64E57371-33F0-46D3-8A4D-584C6B26BFCF}.Debug|x64.ActiveCfg = Debug|Any CPU
		{64E57371-33F0-46D3-8A4D-584C6B26BFCF}.Debug|x64.Build.0 = Debug|Any CPU
		{64E57371-33F0-46D3-8A4D-584C6B26BFCF}.Debug|x86.ActiveCfg = Debug|Any CPU
		{64E57371-33F0-46D3-8A4D-584C6B26BFCF}.Debug|x86.Build.0 = Debug|Any CPU
		{64E57371-33F0-46D3-8A4D-584C6B26BFCF}.Release|Any CPU.ActiveCfg = Release|Any CPU
		{64E57371-33F0-46D3-8A4D-584C6B26BFCF}.Release|Any CPU.Build.0 = Release|Any CPU
		{64E57371-33F0-46D3-8A4D-584C6B26BFCF}.Release|x64.ActiveCfg = Release|Any CPU
		{64E57371-33F0-46D3-8A4D-584C6B26BFCF}.Release|x64.Build.0 = Release|Any CPU
		{64E57371-33F0-46D3-8A4D-584C6B26BFCF}.Release|x86.ActiveCfg = Release|Any CPU
		{64E57371-33F0-46D3-8A4D-584C6B26BFCF}.Release|x86.Build.0 = Release|Any CPU
		{75D6B11B-AD0D-408E-9B4A-F860929FA411}.Debug|Any CPU.ActiveCfg = Debug|Any CPU
		{75D6B11B-AD0D-408E-9B4A-F860929FA411}.Debug|Any CPU.Build.0 = Debug|Any CPU
		{75D6B11B-AD0D-408E-9B4A-F860929FA411}.Debug|x64.ActiveCfg = Debug|Any CPU
		{75D6B11B-AD0D-408E-9B4A-F860929FA411}.Debug|x64.Build.0 = Debug|Any CPU
		{75D6B11B-AD0D-408E-9B4A-F860929FA411}.Debug|x86.ActiveCfg = Debug|Any CPU
		{75D6B11B-AD0D-408E-9B4A-F860929FA411}.Debug|x86.Build.0 = Debug|Any CPU
		{75D6B11B-AD0D-408E-9B4A-F860929FA411}.Release|Any CPU.ActiveCfg = Release|Any CPU
		{75D6B11B-AD0D-408E-9B4A-F860929FA411}.Release|Any CPU.Build.0 = Release|Any CPU
		{75D6B11B-AD0D-408E-9B4A-F860929FA411}.Release|x64.ActiveCfg = Release|Any CPU
		{75D6B11B-AD0D-408E-9B4A-F860929FA411}.Release|x64.Build.0 = Release|Any CPU
		{75D6B11B-AD0D-408E-9B4A-F860929FA411}.Release|x86.ActiveCfg = Release|Any CPU
		{75D6B11B-AD0D-408E-9B4A-F860929FA411}.Release|x86.Build.0 = Release|Any CPU
		{899C76A6-1FA1-4890-9F20-E7B48869D6C3}.Debug|Any CPU.ActiveCfg = Debug|Any CPU
		{899C76A6-1FA1-4890-9F20-E7B48869D6C3}.Debug|Any CPU.Build.0 = Debug|Any CPU
		{899C76A6-1FA1-4890-9F20-E7B48869D6C3}.Debug|x64.ActiveCfg = Debug|Any CPU
		{899C76A6-1FA1-4890-9F20-E7B48869D6C3}.Debug|x64.Build.0 = Debug|Any CPU
		{899C76A6-1FA1-4890-9F20-E7B48869D6C3}.Debug|x86.ActiveCfg = Debug|Any CPU
		{899C76A6-1FA1-4890-9F20-E7B48869D6C3}.Debug|x86.Build.0 = Debug|Any CPU
		{899C76A6-1FA1-4890-9F20-E7B48869D6C3}.Release|Any CPU.ActiveCfg = Release|Any CPU
		{899C76A6-1FA1-4890-9F20-E7B48869D6C3}.Release|Any CPU.Build.0 = Release|Any CPU
		{899C76A6-1FA1-4890-9F20-E7B48869D6C3}.Release|x64.ActiveCfg = Release|Any CPU
		{899C76A6-1FA1-4890-9F20-E7B48869D6C3}.Release|x64.Build.0 = Release|Any CPU
		{899C76A6-1FA1-4890-9F20-E7B48869D6C3}.Release|x86.ActiveCfg = Release|Any CPU
		{899C76A6-1FA1-4890-9F20-E7B48869D6C3}.Release|x86.Build.0 = Release|Any CPU
		{1757F176-5510-419A-92BD-AA429FEA5E61}.Debug|Any CPU.ActiveCfg = Debug|Any CPU
		{1757F176-5510-419A-92BD-AA429FEA5E61}.Debug|Any CPU.Build.0 = Debug|Any CPU
		{1757F176-5510-419A-92BD-AA429FEA5E61}.Debug|x64.ActiveCfg = Debug|Any CPU
		{1757F176-5510-419A-92BD-AA429FEA5E61}.Debug|x64.Build.0 = Debug|Any CPU
		{1757F176-5510-419A-92BD-AA429FEA5E61}.Debug|x86.ActiveCfg = Debug|Any CPU
		{1757F176-5510-419A-92BD-AA429FEA5E61}.Debug|x86.Build.0 = Debug|Any CPU
		{1757F176-5510-419A-92BD-AA429FEA5E61}.Release|Any CPU.ActiveCfg = Release|Any CPU
		{1757F176-5510-419A-92BD-AA429FEA5E61}.Release|Any CPU.Build.0 = Release|Any CPU
		{1757F176-5510-419A-92BD-AA429FEA5E61}.Release|x64.ActiveCfg = Release|Any CPU
		{1757F176-5510-419A-92BD-AA429FEA5E61}.Release|x64.Build.0 = Release|Any CPU
		{1757F176-5510-419A-92BD-AA429FEA5E61}.Release|x86.ActiveCfg = Release|Any CPU
		{1757F176-5510-419A-92BD-AA429FEA5E61}.Release|x86.Build.0 = Release|Any CPU
		{C042A6DC-7188-4596-A919-374C31598A61}.Debug|Any CPU.ActiveCfg = Debug|Any CPU
		{C042A6DC-7188-4596-A919-374C31598A61}.Debug|Any CPU.Build.0 = Debug|Any CPU
		{C042A6DC-7188-4596-A919-374C31598A61}.Debug|x64.ActiveCfg = Debug|Any CPU
		{C042A6DC-7188-4596-A919-374C31598A61}.Debug|x64.Build.0 = Debug|Any CPU
		{C042A6DC-7188-4596-A919-374C31598A61}.Debug|x86.ActiveCfg = Debug|Any CPU
		{C042A6DC-7188-4596-A919-374C31598A61}.Debug|x86.Build.0 = Debug|Any CPU
		{C042A6DC-7188-4596-A919-374C31598A61}.Release|Any CPU.ActiveCfg = Release|Any CPU
		{C042A6DC-7188-4596-A919-374C31598A61}.Release|Any CPU.Build.0 = Release|Any CPU
		{C042A6DC-7188-4596-A919-374C31598A61}.Release|x64.ActiveCfg = Release|Any CPU
		{C042A6DC-7188-4596-A919-374C31598A61}.Release|x64.Build.0 = Release|Any CPU
		{C042A6DC-7188-4596-A919-374C31598A61}.Release|x86.ActiveCfg = Release|Any CPU
		{C042A6DC-7188-4596-A919-374C31598A61}.Release|x86.Build.0 = Release|Any CPU
		{4032639E-DB54-4AE1-AA7D-2DCD15BCA1B9}.Debug|Any CPU.ActiveCfg = Debug|Any CPU
		{4032639E-DB54-4AE1-AA7D-2DCD15BCA1B9}.Debug|Any CPU.Build.0 = Debug|Any CPU
		{4032639E-DB54-4AE1-AA7D-2DCD15BCA1B9}.Debug|x64.ActiveCfg = Debug|Any CPU
		{4032639E-DB54-4AE1-AA7D-2DCD15BCA1B9}.Debug|x64.Build.0 = Debug|Any CPU
		{4032639E-DB54-4AE1-AA7D-2DCD15BCA1B9}.Debug|x86.ActiveCfg = Debug|Any CPU
		{4032639E-DB54-4AE1-AA7D-2DCD15BCA1B9}.Debug|x86.Build.0 = Debug|Any CPU
		{4032639E-DB54-4AE1-AA7D-2DCD15BCA1B9}.Release|Any CPU.ActiveCfg = Release|Any CPU
		{4032639E-DB54-4AE1-AA7D-2DCD15BCA1B9}.Release|Any CPU.Build.0 = Release|Any CPU
		{4032639E-DB54-4AE1-AA7D-2DCD15BCA1B9}.Release|x64.ActiveCfg = Release|Any CPU
		{4032639E-DB54-4AE1-AA7D-2DCD15BCA1B9}.Release|x64.Build.0 = Release|Any CPU
		{4032639E-DB54-4AE1-AA7D-2DCD15BCA1B9}.Release|x86.ActiveCfg = Release|Any CPU
		{4032639E-DB54-4AE1-AA7D-2DCD15BCA1B9}.Release|x86.Build.0 = Release|Any CPU
		{949249E7-AAB8-4E7A-BB6F-F5F10FAF3865}.Debug|Any CPU.ActiveCfg = Debug|Any CPU
		{949249E7-AAB8-4E7A-BB6F-F5F10FAF3865}.Debug|Any CPU.Build.0 = Debug|Any CPU
		{949249E7-AAB8-4E7A-BB6F-F5F10FAF3865}.Debug|x64.ActiveCfg = Debug|Any CPU
		{949249E7-AAB8-4E7A-BB6F-F5F10FAF3865}.Debug|x64.Build.0 = Debug|Any CPU
		{949249E7-AAB8-4E7A-BB6F-F5F10FAF3865}.Debug|x86.ActiveCfg = Debug|Any CPU
		{949249E7-AAB8-4E7A-BB6F-F5F10FAF3865}.Debug|x86.Build.0 = Debug|Any CPU
		{949249E7-AAB8-4E7A-BB6F-F5F10FAF3865}.Release|Any CPU.ActiveCfg = Release|Any CPU
		{949249E7-AAB8-4E7A-BB6F-F5F10FAF3865}.Release|Any CPU.Build.0 = Release|Any CPU
		{949249E7-AAB8-4E7A-BB6F-F5F10FAF3865}.Release|x64.ActiveCfg = Release|Any CPU
		{949249E7-AAB8-4E7A-BB6F-F5F10FAF3865}.Release|x64.Build.0 = Release|Any CPU
		{949249E7-AAB8-4E7A-BB6F-F5F10FAF3865}.Release|x86.ActiveCfg = Release|Any CPU
		{949249E7-AAB8-4E7A-BB6F-F5F10FAF3865}.Release|x86.Build.0 = Release|Any CPU
		{6813B352-332F-4CF7-96AC-65A437F79C0A}.Debug|Any CPU.ActiveCfg = Debug|Any CPU
		{6813B352-332F-4CF7-96AC-65A437F79C0A}.Debug|Any CPU.Build.0 = Debug|Any CPU
		{6813B352-332F-4CF7-96AC-65A437F79C0A}.Debug|x64.ActiveCfg = Debug|Any CPU
		{6813B352-332F-4CF7-96AC-65A437F79C0A}.Debug|x64.Build.0 = Debug|Any CPU
		{6813B352-332F-4CF7-96AC-65A437F79C0A}.Debug|x86.ActiveCfg = Debug|Any CPU
		{6813B352-332F-4CF7-96AC-65A437F79C0A}.Debug|x86.Build.0 = Debug|Any CPU
		{6813B352-332F-4CF7-96AC-65A437F79C0A}.Release|Any CPU.ActiveCfg = Release|Any CPU
		{6813B352-332F-4CF7-96AC-65A437F79C0A}.Release|Any CPU.Build.0 = Release|Any CPU
		{6813B352-332F-4CF7-96AC-65A437F79C0A}.Release|x64.ActiveCfg = Release|Any CPU
		{6813B352-332F-4CF7-96AC-65A437F79C0A}.Release|x64.Build.0 = Release|Any CPU
		{6813B352-332F-4CF7-96AC-65A437F79C0A}.Release|x86.ActiveCfg = Release|Any CPU
		{6813B352-332F-4CF7-96AC-65A437F79C0A}.Release|x86.Build.0 = Release|Any CPU
		{2731EFB0-7C0C-4ED2-A775-9D196732BE60}.Debug|Any CPU.ActiveCfg = Debug|Any CPU
		{2731EFB0-7C0C-4ED2-A775-9D196732BE60}.Debug|Any CPU.Build.0 = Debug|Any CPU
		{2731EFB0-7C0C-4ED2-A775-9D196732BE60}.Debug|x64.ActiveCfg = Debug|Any CPU
		{2731EFB0-7C0C-4ED2-A775-9D196732BE60}.Debug|x64.Build.0 = Debug|Any CPU
		{2731EFB0-7C0C-4ED2-A775-9D196732BE60}.Debug|x86.ActiveCfg = Debug|Any CPU
		{2731EFB0-7C0C-4ED2-A775-9D196732BE60}.Debug|x86.Build.0 = Debug|Any CPU
		{2731EFB0-7C0C-4ED2-A775-9D196732BE60}.Release|Any CPU.ActiveCfg = Release|Any CPU
		{2731EFB0-7C0C-4ED2-A775-9D196732BE60}.Release|Any CPU.Build.0 = Release|Any CPU
		{2731EFB0-7C0C-4ED2-A775-9D196732BE60}.Release|x64.ActiveCfg = Release|Any CPU
		{2731EFB0-7C0C-4ED2-A775-9D196732BE60}.Release|x64.Build.0 = Release|Any CPU
		{2731EFB0-7C0C-4ED2-A775-9D196732BE60}.Release|x86.ActiveCfg = Release|Any CPU
		{2731EFB0-7C0C-4ED2-A775-9D196732BE60}.Release|x86.Build.0 = Release|Any CPU
		{EFE996A4-CEE6-4FE8-90C0-784B6981AEB1}.Debug|Any CPU.ActiveCfg = Debug|Any CPU
		{EFE996A4-CEE6-4FE8-90C0-784B6981AEB1}.Debug|Any CPU.Build.0 = Debug|Any CPU
		{EFE996A4-CEE6-4FE8-90C0-784B6981AEB1}.Debug|x64.ActiveCfg = Debug|Any CPU
		{EFE996A4-CEE6-4FE8-90C0-784B6981AEB1}.Debug|x64.Build.0 = Debug|Any CPU
		{EFE996A4-CEE6-4FE8-90C0-784B6981AEB1}.Debug|x86.ActiveCfg = Debug|Any CPU
		{EFE996A4-CEE6-4FE8-90C0-784B6981AEB1}.Debug|x86.Build.0 = Debug|Any CPU
		{EFE996A4-CEE6-4FE8-90C0-784B6981AEB1}.Release|Any CPU.ActiveCfg = Release|Any CPU
		{EFE996A4-CEE6-4FE8-90C0-784B6981AEB1}.Release|Any CPU.Build.0 = Release|Any CPU
		{EFE996A4-CEE6-4FE8-90C0-784B6981AEB1}.Release|x64.ActiveCfg = Release|Any CPU
		{EFE996A4-CEE6-4FE8-90C0-784B6981AEB1}.Release|x64.Build.0 = Release|Any CPU
		{EFE996A4-CEE6-4FE8-90C0-784B6981AEB1}.Release|x86.ActiveCfg = Release|Any CPU
		{EFE996A4-CEE6-4FE8-90C0-784B6981AEB1}.Release|x86.Build.0 = Release|Any CPU
		{5CDE3CBA-6425-4CE1-A3C3-79179EA0BA18}.Debug|Any CPU.ActiveCfg = Debug|Any CPU
		{5CDE3CBA-6425-4CE1-A3C3-79179EA0BA18}.Debug|Any CPU.Build.0 = Debug|Any CPU
		{5CDE3CBA-6425-4CE1-A3C3-79179EA0BA18}.Debug|x64.ActiveCfg = Debug|Any CPU
		{5CDE3CBA-6425-4CE1-A3C3-79179EA0BA18}.Debug|x64.Build.0 = Debug|Any CPU
		{5CDE3CBA-6425-4CE1-A3C3-79179EA0BA18}.Debug|x86.ActiveCfg = Debug|Any CPU
		{5CDE3CBA-6425-4CE1-A3C3-79179EA0BA18}.Debug|x86.Build.0 = Debug|Any CPU
		{5CDE3CBA-6425-4CE1-A3C3-79179EA0BA18}.Release|Any CPU.ActiveCfg = Release|Any CPU
		{5CDE3CBA-6425-4CE1-A3C3-79179EA0BA18}.Release|Any CPU.Build.0 = Release|Any CPU
		{5CDE3CBA-6425-4CE1-A3C3-79179EA0BA18}.Release|x64.ActiveCfg = Release|Any CPU
		{5CDE3CBA-6425-4CE1-A3C3-79179EA0BA18}.Release|x64.Build.0 = Release|Any CPU
		{5CDE3CBA-6425-4CE1-A3C3-79179EA0BA18}.Release|x86.ActiveCfg = Release|Any CPU
		{5CDE3CBA-6425-4CE1-A3C3-79179EA0BA18}.Release|x86.Build.0 = Release|Any CPU
		{D564B5AA-3231-4D32-9019-D7800F708642}.Debug|Any CPU.ActiveCfg = Debug|Any CPU
		{D564B5AA-3231-4D32-9019-D7800F708642}.Debug|Any CPU.Build.0 = Debug|Any CPU
		{D564B5AA-3231-4D32-9019-D7800F708642}.Debug|x64.ActiveCfg = Debug|Any CPU
		{D564B5AA-3231-4D32-9019-D7800F708642}.Debug|x64.Build.0 = Debug|Any CPU
		{D564B5AA-3231-4D32-9019-D7800F708642}.Debug|x86.ActiveCfg = Debug|Any CPU
		{D564B5AA-3231-4D32-9019-D7800F708642}.Debug|x86.Build.0 = Debug|Any CPU
		{D564B5AA-3231-4D32-9019-D7800F708642}.Release|Any CPU.ActiveCfg = Release|Any CPU
		{D564B5AA-3231-4D32-9019-D7800F708642}.Release|Any CPU.Build.0 = Release|Any CPU
		{D564B5AA-3231-4D32-9019-D7800F708642}.Release|x64.ActiveCfg = Release|Any CPU
		{D564B5AA-3231-4D32-9019-D7800F708642}.Release|x64.Build.0 = Release|Any CPU
		{D564B5AA-3231-4D32-9019-D7800F708642}.Release|x86.ActiveCfg = Release|Any CPU
		{D564B5AA-3231-4D32-9019-D7800F708642}.Release|x86.Build.0 = Release|Any CPU
		{40944685-9883-4816-9578-CBED27199A7E}.Debug|Any CPU.ActiveCfg = Debug|Any CPU
		{40944685-9883-4816-9578-CBED27199A7E}.Debug|Any CPU.Build.0 = Debug|Any CPU
		{40944685-9883-4816-9578-CBED27199A7E}.Debug|x64.ActiveCfg = Debug|Any CPU
		{40944685-9883-4816-9578-CBED27199A7E}.Debug|x64.Build.0 = Debug|Any CPU
		{40944685-9883-4816-9578-CBED27199A7E}.Debug|x86.ActiveCfg = Debug|Any CPU
		{40944685-9883-4816-9578-CBED27199A7E}.Debug|x86.Build.0 = Debug|Any CPU
		{40944685-9883-4816-9578-CBED27199A7E}.Release|Any CPU.ActiveCfg = Release|Any CPU
		{40944685-9883-4816-9578-CBED27199A7E}.Release|Any CPU.Build.0 = Release|Any CPU
		{40944685-9883-4816-9578-CBED27199A7E}.Release|x64.ActiveCfg = Release|Any CPU
		{40944685-9883-4816-9578-CBED27199A7E}.Release|x64.Build.0 = Release|Any CPU
		{40944685-9883-4816-9578-CBED27199A7E}.Release|x86.ActiveCfg = Release|Any CPU
		{40944685-9883-4816-9578-CBED27199A7E}.Release|x86.Build.0 = Release|Any CPU
		{98C80096-1F38-4146-88E0-B09824CF4205}.Debug|Any CPU.ActiveCfg = Debug|Any CPU
		{98C80096-1F38-4146-88E0-B09824CF4205}.Debug|Any CPU.Build.0 = Debug|Any CPU
		{98C80096-1F38-4146-88E0-B09824CF4205}.Debug|x64.ActiveCfg = Debug|Any CPU
		{98C80096-1F38-4146-88E0-B09824CF4205}.Debug|x64.Build.0 = Debug|Any CPU
		{98C80096-1F38-4146-88E0-B09824CF4205}.Debug|x86.ActiveCfg = Debug|Any CPU
		{98C80096-1F38-4146-88E0-B09824CF4205}.Debug|x86.Build.0 = Debug|Any CPU
		{98C80096-1F38-4146-88E0-B09824CF4205}.Release|Any CPU.ActiveCfg = Release|Any CPU
		{98C80096-1F38-4146-88E0-B09824CF4205}.Release|Any CPU.Build.0 = Release|Any CPU
		{98C80096-1F38-4146-88E0-B09824CF4205}.Release|x64.ActiveCfg = Release|Any CPU
		{98C80096-1F38-4146-88E0-B09824CF4205}.Release|x64.Build.0 = Release|Any CPU
		{98C80096-1F38-4146-88E0-B09824CF4205}.Release|x86.ActiveCfg = Release|Any CPU
		{98C80096-1F38-4146-88E0-B09824CF4205}.Release|x86.Build.0 = Release|Any CPU
		{960EF552-DC01-4CAE-BEC7-BFF86C91DC41}.Debug|Any CPU.ActiveCfg = Debug|Any CPU
		{960EF552-DC01-4CAE-BEC7-BFF86C91DC41}.Debug|Any CPU.Build.0 = Debug|Any CPU
		{960EF552-DC01-4CAE-BEC7-BFF86C91DC41}.Debug|x64.ActiveCfg = Debug|Any CPU
		{960EF552-DC01-4CAE-BEC7-BFF86C91DC41}.Debug|x64.Build.0 = Debug|Any CPU
		{960EF552-DC01-4CAE-BEC7-BFF86C91DC41}.Debug|x86.ActiveCfg = Debug|Any CPU
		{960EF552-DC01-4CAE-BEC7-BFF86C91DC41}.Debug|x86.Build.0 = Debug|Any CPU
		{960EF552-DC01-4CAE-BEC7-BFF86C91DC41}.Release|Any CPU.ActiveCfg = Release|Any CPU
		{960EF552-DC01-4CAE-BEC7-BFF86C91DC41}.Release|Any CPU.Build.0 = Release|Any CPU
		{960EF552-DC01-4CAE-BEC7-BFF86C91DC41}.Release|x64.ActiveCfg = Release|Any CPU
		{960EF552-DC01-4CAE-BEC7-BFF86C91DC41}.Release|x64.Build.0 = Release|Any CPU
		{960EF552-DC01-4CAE-BEC7-BFF86C91DC41}.Release|x86.ActiveCfg = Release|Any CPU
		{960EF552-DC01-4CAE-BEC7-BFF86C91DC41}.Release|x86.Build.0 = Release|Any CPU
		{A8F926C4-F5D7-42F8-A3F4-7E539434C264}.Debug|Any CPU.ActiveCfg = Debug|Any CPU
		{A8F926C4-F5D7-42F8-A3F4-7E539434C264}.Debug|Any CPU.Build.0 = Debug|Any CPU
		{A8F926C4-F5D7-42F8-A3F4-7E539434C264}.Debug|x64.ActiveCfg = Debug|Any CPU
		{A8F926C4-F5D7-42F8-A3F4-7E539434C264}.Debug|x64.Build.0 = Debug|Any CPU
		{A8F926C4-F5D7-42F8-A3F4-7E539434C264}.Debug|x86.ActiveCfg = Debug|Any CPU
		{A8F926C4-F5D7-42F8-A3F4-7E539434C264}.Debug|x86.Build.0 = Debug|Any CPU
		{A8F926C4-F5D7-42F8-A3F4-7E539434C264}.Release|Any CPU.ActiveCfg = Release|Any CPU
		{A8F926C4-F5D7-42F8-A3F4-7E539434C264}.Release|Any CPU.Build.0 = Release|Any CPU
		{A8F926C4-F5D7-42F8-A3F4-7E539434C264}.Release|x64.ActiveCfg = Release|Any CPU
		{A8F926C4-F5D7-42F8-A3F4-7E539434C264}.Release|x64.Build.0 = Release|Any CPU
		{A8F926C4-F5D7-42F8-A3F4-7E539434C264}.Release|x86.ActiveCfg = Release|Any CPU
		{A8F926C4-F5D7-42F8-A3F4-7E539434C264}.Release|x86.Build.0 = Release|Any CPU
		{A0BEDE9A-657B-4212-868A-DB2963673ABB}.Debug|Any CPU.ActiveCfg = Debug|Any CPU
		{A0BEDE9A-657B-4212-868A-DB2963673ABB}.Debug|Any CPU.Build.0 = Debug|Any CPU
		{A0BEDE9A-657B-4212-868A-DB2963673ABB}.Debug|x64.ActiveCfg = Debug|Any CPU
		{A0BEDE9A-657B-4212-868A-DB2963673ABB}.Debug|x64.Build.0 = Debug|Any CPU
		{A0BEDE9A-657B-4212-868A-DB2963673ABB}.Debug|x86.ActiveCfg = Debug|Any CPU
		{A0BEDE9A-657B-4212-868A-DB2963673ABB}.Debug|x86.Build.0 = Debug|Any CPU
		{A0BEDE9A-657B-4212-868A-DB2963673ABB}.Release|Any CPU.ActiveCfg = Release|Any CPU
		{A0BEDE9A-657B-4212-868A-DB2963673ABB}.Release|Any CPU.Build.0 = Release|Any CPU
		{A0BEDE9A-657B-4212-868A-DB2963673ABB}.Release|x64.ActiveCfg = Release|Any CPU
		{A0BEDE9A-657B-4212-868A-DB2963673ABB}.Release|x64.Build.0 = Release|Any CPU
		{A0BEDE9A-657B-4212-868A-DB2963673ABB}.Release|x86.ActiveCfg = Release|Any CPU
		{A0BEDE9A-657B-4212-868A-DB2963673ABB}.Release|x86.Build.0 = Release|Any CPU
		{B613B112-8240-46B9-A342-9232F15560CE}.Debug|Any CPU.ActiveCfg = Debug|Any CPU
		{B613B112-8240-46B9-A342-9232F15560CE}.Debug|Any CPU.Build.0 = Debug|Any CPU
		{B613B112-8240-46B9-A342-9232F15560CE}.Debug|x64.ActiveCfg = Debug|Any CPU
		{B613B112-8240-46B9-A342-9232F15560CE}.Debug|x64.Build.0 = Debug|Any CPU
		{B613B112-8240-46B9-A342-9232F15560CE}.Debug|x86.ActiveCfg = Debug|Any CPU
		{B613B112-8240-46B9-A342-9232F15560CE}.Debug|x86.Build.0 = Debug|Any CPU
		{B613B112-8240-46B9-A342-9232F15560CE}.Release|Any CPU.ActiveCfg = Release|Any CPU
		{B613B112-8240-46B9-A342-9232F15560CE}.Release|Any CPU.Build.0 = Release|Any CPU
		{B613B112-8240-46B9-A342-9232F15560CE}.Release|x64.ActiveCfg = Release|Any CPU
		{B613B112-8240-46B9-A342-9232F15560CE}.Release|x64.Build.0 = Release|Any CPU
		{B613B112-8240-46B9-A342-9232F15560CE}.Release|x86.ActiveCfg = Release|Any CPU
		{B613B112-8240-46B9-A342-9232F15560CE}.Release|x86.Build.0 = Release|Any CPU
		{1014D6EA-705C-49DF-9EFD-6F84E893929E}.Debug|Any CPU.ActiveCfg = Debug|Any CPU
		{1014D6EA-705C-49DF-9EFD-6F84E893929E}.Debug|Any CPU.Build.0 = Debug|Any CPU
		{1014D6EA-705C-49DF-9EFD-6F84E893929E}.Debug|x64.ActiveCfg = Debug|Any CPU
		{1014D6EA-705C-49DF-9EFD-6F84E893929E}.Debug|x64.Build.0 = Debug|Any CPU
		{1014D6EA-705C-49DF-9EFD-6F84E893929E}.Debug|x86.ActiveCfg = Debug|Any CPU
		{1014D6EA-705C-49DF-9EFD-6F84E893929E}.Debug|x86.Build.0 = Debug|Any CPU
		{1014D6EA-705C-49DF-9EFD-6F84E893929E}.Release|Any CPU.ActiveCfg = Release|Any CPU
		{1014D6EA-705C-49DF-9EFD-6F84E893929E}.Release|Any CPU.Build.0 = Release|Any CPU
		{1014D6EA-705C-49DF-9EFD-6F84E893929E}.Release|x64.ActiveCfg = Release|Any CPU
		{1014D6EA-705C-49DF-9EFD-6F84E893929E}.Release|x64.Build.0 = Release|Any CPU
		{1014D6EA-705C-49DF-9EFD-6F84E893929E}.Release|x86.ActiveCfg = Release|Any CPU
		{1014D6EA-705C-49DF-9EFD-6F84E893929E}.Release|x86.Build.0 = Release|Any CPU
		{4823E468-D7FD-461C-93F8-8C3B3E960354}.Debug|Any CPU.ActiveCfg = Debug|Any CPU
		{4823E468-D7FD-461C-93F8-8C3B3E960354}.Debug|Any CPU.Build.0 = Debug|Any CPU
		{4823E468-D7FD-461C-93F8-8C3B3E960354}.Debug|x64.ActiveCfg = Debug|Any CPU
		{4823E468-D7FD-461C-93F8-8C3B3E960354}.Debug|x64.Build.0 = Debug|Any CPU
		{4823E468-D7FD-461C-93F8-8C3B3E960354}.Debug|x86.ActiveCfg = Debug|Any CPU
		{4823E468-D7FD-461C-93F8-8C3B3E960354}.Debug|x86.Build.0 = Debug|Any CPU
		{4823E468-D7FD-461C-93F8-8C3B3E960354}.Release|Any CPU.ActiveCfg = Release|Any CPU
		{4823E468-D7FD-461C-93F8-8C3B3E960354}.Release|Any CPU.Build.0 = Release|Any CPU
		{4823E468-D7FD-461C-93F8-8C3B3E960354}.Release|x64.ActiveCfg = Release|Any CPU
		{4823E468-D7FD-461C-93F8-8C3B3E960354}.Release|x64.Build.0 = Release|Any CPU
		{4823E468-D7FD-461C-93F8-8C3B3E960354}.Release|x86.ActiveCfg = Release|Any CPU
		{4823E468-D7FD-461C-93F8-8C3B3E960354}.Release|x86.Build.0 = Release|Any CPU
		{A3BA795A-C4CF-4A79-A4A1-FE24630B1EB1}.Debug|Any CPU.ActiveCfg = Debug|Any CPU
		{A3BA795A-C4CF-4A79-A4A1-FE24630B1EB1}.Debug|Any CPU.Build.0 = Debug|Any CPU
		{A3BA795A-C4CF-4A79-A4A1-FE24630B1EB1}.Debug|x64.ActiveCfg = Debug|Any CPU
		{A3BA795A-C4CF-4A79-A4A1-FE24630B1EB1}.Debug|x64.Build.0 = Debug|Any CPU
		{A3BA795A-C4CF-4A79-A4A1-FE24630B1EB1}.Debug|x86.ActiveCfg = Debug|Any CPU
		{A3BA795A-C4CF-4A79-A4A1-FE24630B1EB1}.Debug|x86.Build.0 = Debug|Any CPU
		{A3BA795A-C4CF-4A79-A4A1-FE24630B1EB1}.Release|Any CPU.ActiveCfg = Release|Any CPU
		{A3BA795A-C4CF-4A79-A4A1-FE24630B1EB1}.Release|Any CPU.Build.0 = Release|Any CPU
		{A3BA795A-C4CF-4A79-A4A1-FE24630B1EB1}.Release|x64.ActiveCfg = Release|Any CPU
		{A3BA795A-C4CF-4A79-A4A1-FE24630B1EB1}.Release|x64.Build.0 = Release|Any CPU
		{A3BA795A-C4CF-4A79-A4A1-FE24630B1EB1}.Release|x86.ActiveCfg = Release|Any CPU
		{A3BA795A-C4CF-4A79-A4A1-FE24630B1EB1}.Release|x86.Build.0 = Release|Any CPU
		{034286B4-DED5-438D-A704-337ECAB8DF2E}.Debug|Any CPU.ActiveCfg = Debug|Any CPU
		{034286B4-DED5-438D-A704-337ECAB8DF2E}.Debug|Any CPU.Build.0 = Debug|Any CPU
		{034286B4-DED5-438D-A704-337ECAB8DF2E}.Debug|x64.ActiveCfg = Debug|Any CPU
		{034286B4-DED5-438D-A704-337ECAB8DF2E}.Debug|x64.Build.0 = Debug|Any CPU
		{034286B4-DED5-438D-A704-337ECAB8DF2E}.Debug|x86.ActiveCfg = Debug|Any CPU
		{034286B4-DED5-438D-A704-337ECAB8DF2E}.Debug|x86.Build.0 = Debug|Any CPU
		{034286B4-DED5-438D-A704-337ECAB8DF2E}.Release|Any CPU.ActiveCfg = Release|Any CPU
		{034286B4-DED5-438D-A704-337ECAB8DF2E}.Release|Any CPU.Build.0 = Release|Any CPU
		{034286B4-DED5-438D-A704-337ECAB8DF2E}.Release|x64.ActiveCfg = Release|Any CPU
		{034286B4-DED5-438D-A704-337ECAB8DF2E}.Release|x64.Build.0 = Release|Any CPU
		{034286B4-DED5-438D-A704-337ECAB8DF2E}.Release|x86.ActiveCfg = Release|Any CPU
		{034286B4-DED5-438D-A704-337ECAB8DF2E}.Release|x86.Build.0 = Release|Any CPU
		{3C35668A-6C67-4DB0-AB6E-CF8C701988D7}.Debug|Any CPU.ActiveCfg = Debug|Any CPU
		{3C35668A-6C67-4DB0-AB6E-CF8C701988D7}.Debug|Any CPU.Build.0 = Debug|Any CPU
		{3C35668A-6C67-4DB0-AB6E-CF8C701988D7}.Debug|x64.ActiveCfg = Debug|Any CPU
		{3C35668A-6C67-4DB0-AB6E-CF8C701988D7}.Debug|x64.Build.0 = Debug|Any CPU
		{3C35668A-6C67-4DB0-AB6E-CF8C701988D7}.Debug|x86.ActiveCfg = Debug|Any CPU
		{3C35668A-6C67-4DB0-AB6E-CF8C701988D7}.Debug|x86.Build.0 = Debug|Any CPU
		{3C35668A-6C67-4DB0-AB6E-CF8C701988D7}.Release|Any CPU.ActiveCfg = Release|Any CPU
		{3C35668A-6C67-4DB0-AB6E-CF8C701988D7}.Release|Any CPU.Build.0 = Release|Any CPU
		{3C35668A-6C67-4DB0-AB6E-CF8C701988D7}.Release|x64.ActiveCfg = Release|Any CPU
		{3C35668A-6C67-4DB0-AB6E-CF8C701988D7}.Release|x64.Build.0 = Release|Any CPU
		{3C35668A-6C67-4DB0-AB6E-CF8C701988D7}.Release|x86.ActiveCfg = Release|Any CPU
		{3C35668A-6C67-4DB0-AB6E-CF8C701988D7}.Release|x86.Build.0 = Release|Any CPU
		{A71C399C-CD87-4421-8182-85E9C571C1D2}.Debug|Any CPU.ActiveCfg = Debug|Any CPU
		{A71C399C-CD87-4421-8182-85E9C571C1D2}.Debug|Any CPU.Build.0 = Debug|Any CPU
		{A71C399C-CD87-4421-8182-85E9C571C1D2}.Debug|x64.ActiveCfg = Debug|Any CPU
		{A71C399C-CD87-4421-8182-85E9C571C1D2}.Debug|x64.Build.0 = Debug|Any CPU
		{A71C399C-CD87-4421-8182-85E9C571C1D2}.Debug|x86.ActiveCfg = Debug|Any CPU
		{A71C399C-CD87-4421-8182-85E9C571C1D2}.Debug|x86.Build.0 = Debug|Any CPU
		{A71C399C-CD87-4421-8182-85E9C571C1D2}.Release|Any CPU.ActiveCfg = Release|Any CPU
		{A71C399C-CD87-4421-8182-85E9C571C1D2}.Release|Any CPU.Build.0 = Release|Any CPU
		{A71C399C-CD87-4421-8182-85E9C571C1D2}.Release|x64.ActiveCfg = Release|Any CPU
		{A71C399C-CD87-4421-8182-85E9C571C1D2}.Release|x64.Build.0 = Release|Any CPU
		{A71C399C-CD87-4421-8182-85E9C571C1D2}.Release|x86.ActiveCfg = Release|Any CPU
		{A71C399C-CD87-4421-8182-85E9C571C1D2}.Release|x86.Build.0 = Release|Any CPU
		{1A59C2A8-F480-439B-8633-E73330E68568}.Debug|Any CPU.ActiveCfg = Debug|Any CPU
		{1A59C2A8-F480-439B-8633-E73330E68568}.Debug|Any CPU.Build.0 = Debug|Any CPU
		{1A59C2A8-F480-439B-8633-E73330E68568}.Debug|x64.ActiveCfg = Debug|Any CPU
		{1A59C2A8-F480-439B-8633-E73330E68568}.Debug|x64.Build.0 = Debug|Any CPU
		{1A59C2A8-F480-439B-8633-E73330E68568}.Debug|x86.ActiveCfg = Debug|Any CPU
		{1A59C2A8-F480-439B-8633-E73330E68568}.Debug|x86.Build.0 = Debug|Any CPU
		{1A59C2A8-F480-439B-8633-E73330E68568}.Release|Any CPU.ActiveCfg = Release|Any CPU
		{1A59C2A8-F480-439B-8633-E73330E68568}.Release|Any CPU.Build.0 = Release|Any CPU
		{1A59C2A8-F480-439B-8633-E73330E68568}.Release|x64.ActiveCfg = Release|Any CPU
		{1A59C2A8-F480-439B-8633-E73330E68568}.Release|x64.Build.0 = Release|Any CPU
		{1A59C2A8-F480-439B-8633-E73330E68568}.Release|x86.ActiveCfg = Release|Any CPU
		{1A59C2A8-F480-439B-8633-E73330E68568}.Release|x86.Build.0 = Release|Any CPU
	EndGlobalSection
	GlobalSection(SolutionProperties) = preSolution
		HideSolutionNode = FALSE
	EndGlobalSection
	GlobalSection(NestedProjects) = preSolution
		{9ADE26F6-D6D9-4C4E-820C-2F22394BAFD6} = {9D0EA313-8054-4378-9AD8-EB754394A224}
		{64E57371-33F0-46D3-8A4D-584C6B26BFCF} = {9D0EA313-8054-4378-9AD8-EB754394A224}
		{75D6B11B-AD0D-408E-9B4A-F860929FA411} = {9D0EA313-8054-4378-9AD8-EB754394A224}
		{899C76A6-1FA1-4890-9F20-E7B48869D6C3} = {9D0EA313-8054-4378-9AD8-EB754394A224}
		{1757F176-5510-419A-92BD-AA429FEA5E61} = {9D0EA313-8054-4378-9AD8-EB754394A224}
		{C042A6DC-7188-4596-A919-374C31598A61} = {9D0EA313-8054-4378-9AD8-EB754394A224}
		{4032639E-DB54-4AE1-AA7D-2DCD15BCA1B9} = {9D0EA313-8054-4378-9AD8-EB754394A224}
		{949249E7-AAB8-4E7A-BB6F-F5F10FAF3865} = {9D0EA313-8054-4378-9AD8-EB754394A224}
		{6813B352-332F-4CF7-96AC-65A437F79C0A} = {9D0EA313-8054-4378-9AD8-EB754394A224}
		{2731EFB0-7C0C-4ED2-A775-9D196732BE60} = {9D0EA313-8054-4378-9AD8-EB754394A224}
		{EFE996A4-CEE6-4FE8-90C0-784B6981AEB1} = {9D0EA313-8054-4378-9AD8-EB754394A224}
		{5CDE3CBA-6425-4CE1-A3C3-79179EA0BA18} = {9D0EA313-8054-4378-9AD8-EB754394A224}
		{D564B5AA-3231-4D32-9019-D7800F708642} = {9D0EA313-8054-4378-9AD8-EB754394A224}
		{40944685-9883-4816-9578-CBED27199A7E} = {9D0EA313-8054-4378-9AD8-EB754394A224}
		{98C80096-1F38-4146-88E0-B09824CF4205} = {9D0EA313-8054-4378-9AD8-EB754394A224}
		{960EF552-DC01-4CAE-BEC7-BFF86C91DC41} = {9D0EA313-8054-4378-9AD8-EB754394A224}
		{A8F926C4-F5D7-42F8-A3F4-7E539434C264} = {9D0EA313-8054-4378-9AD8-EB754394A224}
		{A0BEDE9A-657B-4212-868A-DB2963673ABB} = {9D0EA313-8054-4378-9AD8-EB754394A224}
		{B613B112-8240-46B9-A342-9232F15560CE} = {9D0EA313-8054-4378-9AD8-EB754394A224}
		{1014D6EA-705C-49DF-9EFD-6F84E893929E} = {9D0EA313-8054-4378-9AD8-EB754394A224}
		{4823E468-D7FD-461C-93F8-8C3B3E960354} = {9D0EA313-8054-4378-9AD8-EB754394A224}
		{A3BA795A-C4CF-4A79-A4A1-FE24630B1EB1} = {9D0EA313-8054-4378-9AD8-EB754394A224}
		{034286B4-DED5-438D-A704-337ECAB8DF2E} = {9D0EA313-8054-4378-9AD8-EB754394A224}
		{3C35668A-6C67-4DB0-AB6E-CF8C701988D7} = {9D0EA313-8054-4378-9AD8-EB754394A224}
		{A71C399C-CD87-4421-8182-85E9C571C1D2} = {9D0EA313-8054-4378-9AD8-EB754394A224}
		{1A59C2A8-F480-439B-8633-E73330E68568} = {9D0EA313-8054-4378-9AD8-EB754394A224}
	EndGlobalSection
	GlobalSection(ExtensibilityGlobals) = postSolution
		SolutionGuid = {7EB7CAF7-C315-4BDC-9516-F14B9DC0B958}
	EndGlobalSection
EndGlobal
